
Microsoft Visual Studio Solution File, Format Version 12.00
# Visual Studio Version 17
VisualStudioVersion = 17.9.34616.47
MinimumVisualStudioVersion = 10.0.40219.1
Project("{FAE04EC0-301F-11D3-BF4B-00C04F79EFBC}") = "ProcessProject", "ProcessProject.csproj", "{4061E048-71B4-45C5-83DE-51E3E1579712}"
EndProject
Global
	GlobalSection(SolutionConfigurationPlatforms) = preSolution
		Debug|Any CPU = Debug|Any CPU
		Release|Any CPU = Release|Any CPU
	EndGlobalSection
	GlobalSection(ProjectConfigurationPlatforms) = postSolution
		{4061E048-71B4-45C5-83DE-51E3E1579712}.Debug|Any CPU.ActiveCfg = Debug|Any CPU
		{4061E048-71B4-45C5-83DE-51E3E1579712}.Debug|Any CPU.Build.0 = Debug|Any CPU
		{4061E048-71B4-45C5-83DE-51E3E1579712}.Release|Any CPU.ActiveCfg = Release|Any CPU
		{4061E048-71B4-45C5-83DE-51E3E1579712}.Release|Any CPU.Build.0 = Release|Any CPU
	EndGlobalSection
	GlobalSection(SolutionProperties) = preSolution
		HideSolutionNode = FALSE
	EndGlobalSection
	GlobalSection(ExtensibilityGlobals) = postSolution
		SolutionGuid = {C2FEF48A-7503-4447-B30B-BD48D64D6E9C}
	EndGlobalSection
EndGlobal
